{
  "R": {
    "Version": "4.4.2",
    "Repositories": [
      {
        "Name": "CRAN",
        "URL": "https://cran.rstudio.com"
      }
    ]
  },
  "Packages": {
    "Rcpp": {
      "Package": "Rcpp",
      "Version": "1.0.14",
      "Source": "Repository",
      "Title": "Seamless R and C++ Integration",
      "Date": "2025-01-11",
      "Authors@R": "c(person(\"Dirk\", \"Eddelbuettel\", role = c(\"aut\", \"cre\"), email = \"edd@debian.org\", comment = c(ORCID = \"0000-0001-6419-907X\")), person(\"Romain\", \"Francois\", role = \"aut\", comment = c(ORCID = \"0000-0002-2444-4226\")), person(\"JJ\", \"Allaire\", role = \"aut\", comment = c(ORCID = \"0000-0003-0174-9868\")), person(\"Kevin\", \"Ushey\", role = \"aut\", comment = c(ORCID = \"0000-0003-2880-7407\")), person(\"Qiang\", \"Kou\", role = \"aut\", comment = c(ORCID = \"0000-0001-6786-5453\")), person(\"Nathan\", \"Russell\", role = \"aut\"), person(\"Iñaki\", \"Ucar\", role = \"aut\", comment = c(ORCID = \"0000-0001-6403-5550\")), person(\"Doug\", \"Bates\", role = \"aut\", comment = c(ORCID = \"0000-0001-8316-9503\")), person(\"John\", \"Chambers\", role = \"aut\"))",
      "Description": "The 'Rcpp' package provides R functions as well as C++ classes which offer a seamless integration of R and C++. Many R data types and objects can be mapped back and forth to C++ equivalents which facilitates both writing of new code as well as easier integration of third-party libraries. Documentation about 'Rcpp' is provided by several vignettes included in this package, via the 'Rcpp Gallery' site at <https://gallery.rcpp.org>, the paper by Eddelbuettel and Francois (2011, <doi:10.18637/jss.v040.i08>), the book by Eddelbuettel (2013, <doi:10.1007/978-1-4614-6868-4>) and the paper by Eddelbuettel and Balamuta (2018, <doi:10.1080/00031305.2017.1375990>); see 'citation(\"Rcpp\")' for details.",
      "Imports": [
        "methods",
        "utils"
      ],
      "Suggests": [
        "tinytest",
        "inline",
        "rbenchmark",
        "pkgKitten (>= 0.1.2)"
      ],
      "URL": "https://www.rcpp.org, https://dirk.eddelbuettel.com/code/rcpp.html, https://github.com/RcppCore/Rcpp",
      "License": "GPL (>= 2)",
      "BugReports": "https://github.com/RcppCore/Rcpp/issues",
      "MailingList": "rcpp-devel@lists.r-forge.r-project.org",
      "RoxygenNote": "6.1.1",
      "Encoding": "UTF-8",
      "NeedsCompilation": "yes",
      "Author": "Dirk Eddelbuettel [aut, cre] (<https://orcid.org/0000-0001-6419-907X>), Romain Francois [aut] (<https://orcid.org/0000-0002-2444-4226>), JJ Allaire [aut] (<https://orcid.org/0000-0003-0174-9868>), Kevin Ushey [aut] (<https://orcid.org/0000-0003-2880-7407>), Qiang Kou [aut] (<https://orcid.org/0000-0001-6786-5453>), Nathan Russell [aut], Iñaki Ucar [aut] (<https://orcid.org/0000-0001-6403-5550>), Doug Bates [aut] (<https://orcid.org/0000-0001-8316-9503>), John Chambers [aut]",
      "Maintainer": "Dirk Eddelbuettel <edd@debian.org>",
      "Repository": "RSPM"
    },
    "fst": {
      "Package": "fst",
      "Version": "0.9.8",
      "Source": "Repository",
      "Type": "Package",
      "Title": "Lightning Fast Serialization of Data Frames",
      "Description": "Multithreaded serialization of compressed data frames using the 'fst' format. The 'fst' format allows for full random access of stored data and a wide range of compression settings using the LZ4 and ZSTD compressors.",
      "Date": "2022-02-07",
      "Authors@R": "person(\"Mark\", \"Klik\", email = \"markklik@gmail.com\", role = c(\"aut\", \"cre\", \"cph\"))",
      "Depends": [
        "R (>= 3.0.0)"
      ],
      "Imports": [
        "fstcore",
        "Rcpp"
      ],
      "LinkingTo": [
        "Rcpp",
        "fstcore"
      ],
      "SystemRequirements": "little-endian platform",
      "RoxygenNote": "7.1.2",
      "Suggests": [
        "testthat",
        "bit64",
        "data.table",
        "lintr",
        "nanotime",
        "crayon"
      ],
      "License": "AGPL-3 | file LICENSE",
      "Encoding": "UTF-8",
      "URL": "http://www.fstpackage.org",
      "BugReports": "https://github.com/fstpackage/fst/issues",
      "NeedsCompilation": "yes",
      "Author": "Mark Klik [aut, cre, cph]",
      "Maintainer": "Mark Klik <markklik@gmail.com>",
      "Repository": "CRAN"
    },
    "fstcore": {
      "Package": "fstcore",
      "Version": "0.10.0",
      "Source": "Repository",
      "Type": "Package",
      "Title": "R Bindings to the 'Fstlib' Library",
      "Description": "The 'fstlib' library provides multithreaded serialization of compressed data frames using the 'fst' format. The 'fst' format allows for random access of stored data and compression with the 'LZ4' and 'ZSTD' compressors.",
      "Date": "2025-02-10",
      "Authors@R": "c(person(given = \"Mark\", family = \"Klik\", role = c(\"aut\", \"cre\", \"cph\"), email = \"markklik@gmail.com\", comment = \"Mark Klik is author of the fstcore package and author and copyright holder of the bundled 'fstlib' code\"), person(given = \"Yuta\", family = \"Mori\", role = c(\"ctb\", \"cph\"), comment = \"Yuta Mori is author and copyright holder of the bundled 'libdivsufsort-lite' code, part of 'ZSTD'\"), person(given = \"Przemyslaw\", family = \"Skibinski\", role = c(\"ctb\", \"cph\"), comment = \"Przemyslaw Skibinski is author and copyright holder of the bundled price functions, part of 'ZSTD'\"), person(given = \"Tino\", family = \"Reichardt\", role = c(\"ctb\", \"cph\"), comment = \"Tino Reichardt is author and copyright holder of bundled sources from the 'zstdmt' library, part of 'ZSTD'\"), person(given = \"Yann\", family = \"Collet\", role = c(\"ctb\", \"cph\"), comment = \"Yann Collet is author of the bundled 'LZ4' and 'ZSTD' code and copyright holder of 'LZ4'\"), person(given = \"Facebook, Inc.\", role = \"cph\", comment = \"Bundled 'ZSTD' code\"))",
      "Depends": [
        "R (>= 3.0.0)"
      ],
      "Imports": [
        "Rcpp"
      ],
      "LinkingTo": [
        "Rcpp"
      ],
      "SystemRequirements": "little-endian platform",
      "RoxygenNote": "7.3.2",
      "Suggests": [
        "testthat",
        "lintr"
      ],
      "License": "MPL-2.0 | file LICENSE",
      "Encoding": "UTF-8",
      "Copyright": "This package includes sources from the LZ4 library owned by Yann Collet, sources of the ZSTD library owned by Facebook, Inc., sources of the libdivsufsort-lite library owned by Yuta Mori and sources of the fstlib library owned by Mark Klik",
      "URL": "https://www.fstpackage.org/fstcore/",
      "BugReports": "https://github.com/fstpackage/fst/issues",
      "NeedsCompilation": "yes",
      "Author": "Mark Klik [aut, cre, cph] (Mark Klik is author of the fstcore package and author and copyright holder of the bundled 'fstlib' code), Yuta Mori [ctb, cph] (Yuta Mori is author and copyright holder of the bundled 'libdivsufsort-lite' code, part of 'ZSTD'), Przemyslaw Skibinski [ctb, cph] (Przemyslaw Skibinski is author and copyright holder of the bundled price functions, part of 'ZSTD'), Tino Reichardt [ctb, cph] (Tino Reichardt is author and copyright holder of bundled sources from the 'zstdmt' library, part of 'ZSTD'), Yann Collet [ctb, cph] (Yann Collet is author of the bundled 'LZ4' and 'ZSTD' code and copyright holder of 'LZ4'), Facebook, Inc. [cph] (Bundled 'ZSTD' code)",
      "Maintainer": "Mark Klik <markklik@gmail.com>",
      "Repository": "CRAN"
    }
  }
}
